
Microsoft Visual Studio Solution File, Format Version 12.00
Project("{FAE04EC0-301F-11D3-BF4B-00C04F79EFBC}") = "CW7APBD", "CW7APBD\CW7APBD.csproj", "{DDE2333A-B5BA-4FA3-BAC1-7CAA99DDC2DF}"
EndProject
Global
	GlobalSection(SolutionConfigurationPlatforms) = preSolution
		Debug|Any CPU = Debug|Any CPU
		Release|Any CPU = Release|Any CPU
	EndGlobalSection
	GlobalSection(ProjectConfigurationPlatforms) = postSolution
		{DDE2333A-B5BA-4FA3-BAC1-7CAA99DDC2DF}.Debug|Any CPU.ActiveCfg = Debug|Any CPU
		{DDE2333A-B5BA-4FA3-BAC1-7CAA99DDC2DF}.Debug|Any CPU.Build.0 = Debug|Any CPU
		{DDE2333A-B5BA-4FA3-BAC1-7CAA99DDC2DF}.Release|Any CPU.ActiveCfg = Release|Any CPU
		{DDE2333A-B5BA-4FA3-BAC1-7CAA99DDC2DF}.Release|Any CPU.Build.0 = Release|Any CPU
	EndGlobalSection
EndGlobal
